version = 1
revision = 3
requires-python = ">=3.12"

[[package]]
name = "hexlet-hello-world"
version = "0.1.0"
source = { virtual = "." }
dependencies = [
    { name = "more-itertools" },
]

[package.metadata]
requires-dist = [{ name = "more-itertools", specifier = ">=11.0.1" }]

[[package]]
name = "more-itertools"
version = "11.0.1"
source = { registry = "https://pypi.org/simple" }
sdist = { url = "https://files.pythonhosted.org/packages/24/24/e0acc4bf54cba50c1d432c70a72a3df96db4a321b2c4c68432a60759044f/more_itertools-11.0.1.tar.gz", hash = "sha256:fefaf25b7ab08f0b45fa9f1892cae93b9fc0089ef034d39213bce15f1cc9e199", size = 144739, upload-time = "2026-04-02T16:17:45.061Z" }
wheels = [
    { url = "https://files.pythonhosted.org/packages/d8/f4/5e52c7319b8087acef603ed6e50dc325c02eaa999355414830468611f13c/more_itertools-11.0.1-py3-none-any.whl", hash = "sha256:eaf287826069452a8f61026c597eae2428b2d1ba2859083abbf240b46842ce6d", size = 72182, upload-time = "2026-04-02T16:17:43.724Z" },
]
